
Microsoft Visual Studio Solution File, Format Version 12.00
# Visual Studio 15
VisualStudioVersion = 15.0.28307.168
MinimumVisualStudioVersion = 10.0.40219.1
Project("{F184B08F-C81C-45F6-A57F-5ABD9991F28F}") = "ColumnFileView.NET", "ColumnFileView.NET\ColumnFileView.NET.vbproj", "{3C97E4A4-75EC-4A50-B17E-B4C58C99F1D2}"
EndProject
Project("{F184B08F-C81C-45F6-A57F-5ABD9991F28F}") = "ColumnFileViewImportFileHandler", "ColumnFileViewImportFileHandler\ColumnFileViewImportFileHandler.vbproj", "{9EB951FF-18EF-4909-AE0F-D3550AE1C608}"
EndProject
Project("{F184B08F-C81C-45F6-A57F-5ABD9991F28F}") = "ColumnFileViewExportHandler", "ColumnFileViewExportHandler\ColumnFileViewExportHandler.vbproj", "{78790712-8EC4-4D9F-A94A-A3BB582E255B}"
EndProject
Project("{F184B08F-C81C-45F6-A57F-5ABD9991F28F}") = "ColumnFileViewThreadingHelper", "ColumnFileViewThreadingHelper\ColumnFileViewThreadingHelper.vbproj", "{E454F263-52F8-4EAD-B0F1-CCAF0468A42F}"
EndProject
Project("{ACA99D24-2A4B-4C16-9E92-13D6ABC4AC35}") = "ColumnFileView.NET Setup", "ColumnFileView.NET Setup\ColumnFileView.NET Setup.isproj", "{71AAC0D4-3646-4BA8-A055-D5899DDB5DF4}"
	ProjectSection(ProjectDependencies) = postProject
		{B9F1ED18-13EB-4089-8594-E30FEBF5F3DC} = {B9F1ED18-13EB-4089-8594-E30FEBF5F3DC}
		{9B5DDE29-2EED-4E62-9B82-0C04C1C30085} = {9B5DDE29-2EED-4E62-9B82-0C04C1C30085}
		{84DAF89C-2D22-441D-A845-E190CBE01321} = {84DAF89C-2D22-441D-A845-E190CBE01321}
		{3C97E4A4-75EC-4A50-B17E-B4C58C99F1D2} = {3C97E4A4-75EC-4A50-B17E-B4C58C99F1D2}
	EndProjectSection
EndProject
Project("{F184B08F-C81C-45F6-A57F-5ABD9991F28F}") = "DataGridViewAutoFilter", "DataGridViewAutoFilter\DataGridViewAutoFilter\DataGridViewAutoFilter.vbproj", "{05A69082-F746-4B85-B313-F81BD7F43729}"
EndProject
Project("{FAE04EC0-301F-11D3-BF4B-00C04F79EFBC}") = "DataGridViewControls", "DataGridViewControls\DataGridViewControls.csproj", "{63360ADE-A09D-41B2-90FA-84EB530AA850}"
EndProject
Project("{F184B08F-C81C-45F6-A57F-5ABD9991F28F}") = "ColumnFileViewLanguageHelper", "ColumnFileViewLanguageHelper\ColumnFileViewLanguageHelper.vbproj", "{2EE74224-6468-445C-84C7-57EE9787E51F}"
EndProject
Project("{F184B08F-C81C-45F6-A57F-5ABD9991F28F}") = "ColumnFileViewSettingsHandler", "ColumnFileViewSettingsHandler\ColumnFileViewSettingsHandler.vbproj", "{AD212D92-6213-4D11-96D5-5BCFA39116A6}"
EndProject
Project("{F184B08F-C81C-45F6-A57F-5ABD9991F28F}") = "ColumnFileViewEncodingHelper", "ColumnFileViewEncodingHelper\ColumnFileViewEncodingHelper.vbproj", "{CB5966C5-1EF2-4157-9282-613EE6BC135D}"
EndProject
Project("{778DAE3C-4631-46EA-AA77-85C1314464D9}") = "ColumnFileViewCli", "ColumnFileViewCli\ColumnFileViewCli.vbproj", "{84DAF89C-2D22-441D-A845-E190CBE01321}"
EndProject
Project("{F184B08F-C81C-45F6-A57F-5ABD9991F28F}") = "ColumnFileViewCliHelper", "ColumnFileViewCliHelper\ColumnFileViewCliHelper.vbproj", "{B9F1ED18-13EB-4089-8594-E30FEBF5F3DC}"
EndProject
Project("{F184B08F-C81C-45F6-A57F-5ABD9991F28F}") = "ColumnFileViewWinCli", "ColumnFileViewWinCli\ColumnFileViewWinCli.vbproj", "{9B5DDE29-2EED-4E62-9B82-0C04C1C30085}"
EndProject
Project("{2150E333-8FDC-42A3-9474-1A3956D46DE8}") = "Solution Items", "Solution Items", "{EA571F4E-46FB-4B2E-B06E-92833FD29BEC}"
	ProjectSection(SolutionItems) = preProject
		README.md = README.md
	EndProjectSection
EndProject
Project("{2150E333-8FDC-42A3-9474-1A3956D46DE8}") = "Setup", "Setup", "{C3C0A280-2CBD-43BF-BB01-6B2BDF250B6F}"
EndProject
Project("{2150E333-8FDC-42A3-9474-1A3956D46DE8}") = "Alpha builds", "Alpha builds", "{FC76EFA6-9601-4373-AB09-A4E1ADE00B36}"
EndProject
Global
	GlobalSection(SolutionConfigurationPlatforms) = preSolution
		CD_ROM|Any CPU = CD_ROM|Any CPU
		Custom|Any CPU = Custom|Any CPU
		Debug|Any CPU = Debug|Any CPU
		DVD-10|Any CPU = DVD-10|Any CPU
		DVD-18|Any CPU = DVD-18|Any CPU
		DVD-5|Any CPU = DVD-5|Any CPU
		DVD-9|Any CPU = DVD-9|Any CPU
		Release|Any CPU = Release|Any CPU
		SingleImage|Any CPU = SingleImage|Any CPU
		WebDeployment|Any CPU = WebDeployment|Any CPU
	EndGlobalSection
	GlobalSection(ProjectConfigurationPlatforms) = postSolution
		{3C97E4A4-75EC-4A50-B17E-B4C58C99F1D2}.CD_ROM|Any CPU.ActiveCfg = Release|Any CPU
		{3C97E4A4-75EC-4A50-B17E-B4C58C99F1D2}.CD_ROM|Any CPU.Build.0 = Release|Any CPU
		{3C97E4A4-75EC-4A50-B17E-B4C58C99F1D2}.Custom|Any CPU.ActiveCfg = Release|Any CPU
		{3C97E4A4-75EC-4A50-B17E-B4C58C99F1D2}.Custom|Any CPU.Build.0 = Release|Any CPU
		{3C97E4A4-75EC-4A50-B17E-B4C58C99F1D2}.Debug|Any CPU.ActiveCfg = Debug|Any CPU
		{3C97E4A4-75EC-4A50-B17E-B4C58C99F1D2}.Debug|Any CPU.Build.0 = Debug|Any CPU
		{3C97E4A4-75EC-4A50-B17E-B4C58C99F1D2}.DVD-10|Any CPU.ActiveCfg = Debug|Any CPU
		{3C97E4A4-75EC-4A50-B17E-B4C58C99F1D2}.DVD-10|Any CPU.Build.0 = Debug|Any CPU
		{3C97E4A4-75EC-4A50-B17E-B4C58C99F1D2}.DVD-18|Any CPU.ActiveCfg = Debug|Any CPU
		{3C97E4A4-75EC-4A50-B17E-B4C58C99F1D2}.DVD-18|Any CPU.Build.0 = Debug|Any CPU
		{3C97E4A4-75EC-4A50-B17E-B4C58C99F1D2}.DVD-5|Any CPU.ActiveCfg = Debug|Any CPU
		{3C97E4A4-75EC-4A50-B17E-B4C58C99F1D2}.DVD-5|Any CPU.Build.0 = Debug|Any CPU
		{3C97E4A4-75EC-4A50-B17E-B4C58C99F1D2}.DVD-9|Any CPU.ActiveCfg = Debug|Any CPU
		{3C97E4A4-75EC-4A50-B17E-B4C58C99F1D2}.DVD-9|Any CPU.Build.0 = Debug|Any CPU
		{3C97E4A4-75EC-4A50-B17E-B4C58C99F1D2}.Release|Any CPU.ActiveCfg = Release|Any CPU
		{3C97E4A4-75EC-4A50-B17E-B4C58C99F1D2}.Release|Any CPU.Build.0 = Release|Any CPU
		{3C97E4A4-75EC-4A50-B17E-B4C58C99F1D2}.SingleImage|Any CPU.ActiveCfg = Release|Any CPU
		{3C97E4A4-75EC-4A50-B17E-B4C58C99F1D2}.SingleImage|Any CPU.Build.0 = Release|Any CPU
		{3C97E4A4-75EC-4A50-B17E-B4C58C99F1D2}.WebDeployment|Any CPU.ActiveCfg = Release|Any CPU
		{3C97E4A4-75EC-4A50-B17E-B4C58C99F1D2}.WebDeployment|Any CPU.Build.0 = Release|Any CPU
		{9EB951FF-18EF-4909-AE0F-D3550AE1C608}.CD_ROM|Any CPU.ActiveCfg = Release|Any CPU
		{9EB951FF-18EF-4909-AE0F-D3550AE1C608}.CD_ROM|Any CPU.Build.0 = Release|Any CPU
		{9EB951FF-18EF-4909-AE0F-D3550AE1C608}.Custom|Any CPU.ActiveCfg = Release|Any CPU
		{9EB951FF-18EF-4909-AE0F-D3550AE1C608}.Custom|Any CPU.Build.0 = Release|Any CPU
		{9EB951FF-18EF-4909-AE0F-D3550AE1C608}.Debug|Any CPU.ActiveCfg = Debug|Any CPU
		{9EB951FF-18EF-4909-AE0F-D3550AE1C608}.Debug|Any CPU.Build.0 = Debug|Any CPU
		{9EB951FF-18EF-4909-AE0F-D3550AE1C608}.DVD-10|Any CPU.ActiveCfg = Debug|Any CPU
		{9EB951FF-18EF-4909-AE0F-D3550AE1C608}.DVD-10|Any CPU.Build.0 = Debug|Any CPU
		{9EB951FF-18EF-4909-AE0F-D3550AE1C608}.DVD-18|Any CPU.ActiveCfg = Debug|Any CPU
		{9EB951FF-18EF-4909-AE0F-D3550AE1C608}.DVD-18|Any CPU.Build.0 = Debug|Any CPU
		{9EB951FF-18EF-4909-AE0F-D3550AE1C608}.DVD-5|Any CPU.ActiveCfg = Debug|Any CPU
		{9EB951FF-18EF-4909-AE0F-D3550AE1C608}.DVD-5|Any CPU.Build.0 = Debug|Any CPU
		{9EB951FF-18EF-4909-AE0F-D3550AE1C608}.DVD-9|Any CPU.ActiveCfg = Debug|Any CPU
		{9EB951FF-18EF-4909-AE0F-D3550AE1C608}.DVD-9|Any CPU.Build.0 = Debug|Any CPU
		{9EB951FF-18EF-4909-AE0F-D3550AE1C608}.Release|Any CPU.ActiveCfg = Release|Any CPU
		{9EB951FF-18EF-4909-AE0F-D3550AE1C608}.Release|Any CPU.Build.0 = Release|Any CPU
		{9EB951FF-18EF-4909-AE0F-D3550AE1C608}.SingleImage|Any CPU.ActiveCfg = Release|Any CPU
		{9EB951FF-18EF-4909-AE0F-D3550AE1C608}.SingleImage|Any CPU.Build.0 = Release|Any CPU
		{9EB951FF-18EF-4909-AE0F-D3550AE1C608}.WebDeployment|Any CPU.ActiveCfg = Release|Any CPU
		{9EB951FF-18EF-4909-AE0F-D3550AE1C608}.WebDeployment|Any CPU.Build.0 = Release|Any CPU
		{78790712-8EC4-4D9F-A94A-A3BB582E255B}.CD_ROM|Any CPU.ActiveCfg = Release|Any CPU
		{78790712-8EC4-4D9F-A94A-A3BB582E255B}.CD_ROM|Any CPU.Build.0 = Release|Any CPU
		{78790712-8EC4-4D9F-A94A-A3BB582E255B}.Custom|Any CPU.ActiveCfg = Release|Any CPU
		{78790712-8EC4-4D9F-A94A-A3BB582E255B}.Custom|Any CPU.Build.0 = Release|Any CPU
		{78790712-8EC4-4D9F-A94A-A3BB582E255B}.Debug|Any CPU.ActiveCfg = Debug|Any CPU
		{78790712-8EC4-4D9F-A94A-A3BB582E255B}.Debug|Any CPU.Build.0 = Debug|Any CPU
		{78790712-8EC4-4D9F-A94A-A3BB582E255B}.DVD-10|Any CPU.ActiveCfg = Debug|Any CPU
		{78790712-8EC4-4D9F-A94A-A3BB582E255B}.DVD-10|Any CPU.Build.0 = Debug|Any CPU
		{78790712-8EC4-4D9F-A94A-A3BB582E255B}.DVD-18|Any CPU.ActiveCfg = Debug|Any CPU
		{78790712-8EC4-4D9F-A94A-A3BB582E255B}.DVD-18|Any CPU.Build.0 = Debug|Any CPU
		{78790712-8EC4-4D9F-A94A-A3BB582E255B}.DVD-5|Any CPU.ActiveCfg = Debug|Any CPU
		{78790712-8EC4-4D9F-A94A-A3BB582E255B}.DVD-5|Any CPU.Build.0 = Debug|Any CPU
		{78790712-8EC4-4D9F-A94A-A3BB582E255B}.DVD-9|Any CPU.ActiveCfg = Debug|Any CPU
		{78790712-8EC4-4D9F-A94A-A3BB582E255B}.DVD-9|Any CPU.Build.0 = Debug|Any CPU
		{78790712-8EC4-4D9F-A94A-A3BB582E255B}.Release|Any CPU.ActiveCfg = Release|Any CPU
		{78790712-8EC4-4D9F-A94A-A3BB582E255B}.Release|Any CPU.Build.0 = Release|Any CPU
		{78790712-8EC4-4D9F-A94A-A3BB582E255B}.SingleImage|Any CPU.ActiveCfg = Release|Any CPU
		{78790712-8EC4-4D9F-A94A-A3BB582E255B}.SingleImage|Any CPU.Build.0 = Release|Any CPU
		{78790712-8EC4-4D9F-A94A-A3BB582E255B}.WebDeployment|Any CPU.ActiveCfg = Release|Any CPU
		{78790712-8EC4-4D9F-A94A-A3BB582E255B}.WebDeployment|Any CPU.Build.0 = Release|Any CPU
		{E454F263-52F8-4EAD-B0F1-CCAF0468A42F}.CD_ROM|Any CPU.ActiveCfg = Release|Any CPU
		{E454F263-52F8-4EAD-B0F1-CCAF0468A42F}.CD_ROM|Any CPU.Build.0 = Release|Any CPU
		{E454F263-52F8-4EAD-B0F1-CCAF0468A42F}.Custom|Any CPU.ActiveCfg = Release|Any CPU
		{E454F263-52F8-4EAD-B0F1-CCAF0468A42F}.Custom|Any CPU.Build.0 = Release|Any CPU
		{E454F263-52F8-4EAD-B0F1-CCAF0468A42F}.Debug|Any CPU.ActiveCfg = Debug|Any CPU
		{E454F263-52F8-4EAD-B0F1-CCAF0468A42F}.Debug|Any CPU.Build.0 = Debug|Any CPU
		{E454F263-52F8-4EAD-B0F1-CCAF0468A42F}.DVD-10|Any CPU.ActiveCfg = Debug|Any CPU
		{E454F263-52F8-4EAD-B0F1-CCAF0468A42F}.DVD-10|Any CPU.Build.0 = Debug|Any CPU
		{E454F263-52F8-4EAD-B0F1-CCAF0468A42F}.DVD-18|Any CPU.ActiveCfg = Debug|Any CPU
		{E454F263-52F8-4EAD-B0F1-CCAF0468A42F}.DVD-18|Any CPU.Build.0 = Debug|Any CPU
		{E454F263-52F8-4EAD-B0F1-CCAF0468A42F}.DVD-5|Any CPU.ActiveCfg = Debug|Any CPU
		{E454F263-52F8-4EAD-B0F1-CCAF0468A42F}.DVD-5|Any CPU.Build.0 = Debug|Any CPU
		{E454F263-52F8-4EAD-B0F1-CCAF0468A42F}.DVD-9|Any CPU.ActiveCfg = Debug|Any CPU
		{E454F263-52F8-4EAD-B0F1-CCAF0468A42F}.DVD-9|Any CPU.Build.0 = Debug|Any CPU
		{E454F263-52F8-4EAD-B0F1-CCAF0468A42F}.Release|Any CPU.ActiveCfg = Release|Any CPU
		{E454F263-52F8-4EAD-B0F1-CCAF0468A42F}.Release|Any CPU.Build.0 = Release|Any CPU
		{E454F263-52F8-4EAD-B0F1-CCAF0468A42F}.SingleImage|Any CPU.ActiveCfg = Release|Any CPU
		{E454F263-52F8-4EAD-B0F1-CCAF0468A42F}.SingleImage|Any CPU.Build.0 = Release|Any CPU
		{E454F263-52F8-4EAD-B0F1-CCAF0468A42F}.WebDeployment|Any CPU.ActiveCfg = Release|Any CPU
		{E454F263-52F8-4EAD-B0F1-CCAF0468A42F}.WebDeployment|Any CPU.Build.0 = Release|Any CPU
		{71AAC0D4-3646-4BA8-A055-D5899DDB5DF4}.CD_ROM|Any CPU.ActiveCfg = CD_ROM
		{71AAC0D4-3646-4BA8-A055-D5899DDB5DF4}.CD_ROM|Any CPU.Build.0 = CD_ROM
		{71AAC0D4-3646-4BA8-A055-D5899DDB5DF4}.Custom|Any CPU.ActiveCfg = Custom
		{71AAC0D4-3646-4BA8-A055-D5899DDB5DF4}.Custom|Any CPU.Build.0 = Custom
		{71AAC0D4-3646-4BA8-A055-D5899DDB5DF4}.Debug|Any CPU.ActiveCfg = DVD-9
		{71AAC0D4-3646-4BA8-A055-D5899DDB5DF4}.Debug|Any CPU.Build.0 = DVD-9
		{71AAC0D4-3646-4BA8-A055-D5899DDB5DF4}.DVD-10|Any CPU.ActiveCfg = DVD-10
		{71AAC0D4-3646-4BA8-A055-D5899DDB5DF4}.DVD-10|Any CPU.Build.0 = DVD-10
		{71AAC0D4-3646-4BA8-A055-D5899DDB5DF4}.DVD-18|Any CPU.ActiveCfg = DVD-18
		{71AAC0D4-3646-4BA8-A055-D5899DDB5DF4}.DVD-18|Any CPU.Build.0 = DVD-18
		{71AAC0D4-3646-4BA8-A055-D5899DDB5DF4}.DVD-5|Any CPU.ActiveCfg = DVD-5
		{71AAC0D4-3646-4BA8-A055-D5899DDB5DF4}.DVD-5|Any CPU.Build.0 = DVD-5
		{71AAC0D4-3646-4BA8-A055-D5899DDB5DF4}.DVD-9|Any CPU.ActiveCfg = DVD-9
		{71AAC0D4-3646-4BA8-A055-D5899DDB5DF4}.DVD-9|Any CPU.Build.0 = DVD-9
		{71AAC0D4-3646-4BA8-A055-D5899DDB5DF4}.Release|Any CPU.ActiveCfg = WebDeployment
		{71AAC0D4-3646-4BA8-A055-D5899DDB5DF4}.Release|Any CPU.Build.0 = WebDeployment
		{71AAC0D4-3646-4BA8-A055-D5899DDB5DF4}.SingleImage|Any CPU.ActiveCfg = SingleImage
		{71AAC0D4-3646-4BA8-A055-D5899DDB5DF4}.SingleImage|Any CPU.Build.0 = SingleImage
		{71AAC0D4-3646-4BA8-A055-D5899DDB5DF4}.WebDeployment|Any CPU.ActiveCfg = WebDeployment
		{71AAC0D4-3646-4BA8-A055-D5899DDB5DF4}.WebDeployment|Any CPU.Build.0 = WebDeployment
		{05A69082-F746-4B85-B313-F81BD7F43729}.CD_ROM|Any CPU.ActiveCfg = Release|Any CPU
		{05A69082-F746-4B85-B313-F81BD7F43729}.CD_ROM|Any CPU.Build.0 = Release|Any CPU
		{05A69082-F746-4B85-B313-F81BD7F43729}.Custom|Any CPU.ActiveCfg = Release|Any CPU
		{05A69082-F746-4B85-B313-F81BD7F43729}.Custom|Any CPU.Build.0 = Release|Any CPU
		{05A69082-F746-4B85-B313-F81BD7F43729}.Debug|Any CPU.ActiveCfg = Debug|Any CPU
		{05A69082-F746-4B85-B313-F81BD7F43729}.Debug|Any CPU.Build.0 = Debug|Any CPU
		{05A69082-F746-4B85-B313-F81BD7F43729}.DVD-10|Any CPU.ActiveCfg = Debug|Any CPU
		{05A69082-F746-4B85-B313-F81BD7F43729}.DVD-10|Any CPU.Build.0 = Debug|Any CPU
		{05A69082-F746-4B85-B313-F81BD7F43729}.DVD-18|Any CPU.ActiveCfg = Debug|Any CPU
		{05A69082-F746-4B85-B313-F81BD7F43729}.DVD-18|Any CPU.Build.0 = Debug|Any CPU
		{05A69082-F746-4B85-B313-F81BD7F43729}.DVD-5|Any CPU.ActiveCfg = Debug|Any CPU
		{05A69082-F746-4B85-B313-F81BD7F43729}.DVD-5|Any CPU.Build.0 = Debug|Any CPU
		{05A69082-F746-4B85-B313-F81BD7F43729}.DVD-9|Any CPU.ActiveCfg = Debug|Any CPU
		{05A69082-F746-4B85-B313-F81BD7F43729}.DVD-9|Any CPU.Build.0 = Debug|Any CPU
		{05A69082-F746-4B85-B313-F81BD7F43729}.Release|Any CPU.ActiveCfg = Release|Any CPU
		{05A69082-F746-4B85-B313-F81BD7F43729}.Release|Any CPU.Build.0 = Release|Any CPU
		{05A69082-F746-4B85-B313-F81BD7F43729}.SingleImage|Any CPU.ActiveCfg = Release|Any CPU
		{05A69082-F746-4B85-B313-F81BD7F43729}.SingleImage|Any CPU.Build.0 = Release|Any CPU
		{05A69082-F746-4B85-B313-F81BD7F43729}.WebDeployment|Any CPU.ActiveCfg = Release|Any CPU
		{05A69082-F746-4B85-B313-F81BD7F43729}.WebDeployment|Any CPU.Build.0 = Release|Any CPU
		{63360ADE-A09D-41B2-90FA-84EB530AA850}.CD_ROM|Any CPU.ActiveCfg = Release|Any CPU
		{63360ADE-A09D-41B2-90FA-84EB530AA850}.CD_ROM|Any CPU.Build.0 = Release|Any CPU
		{63360ADE-A09D-41B2-90FA-84EB530AA850}.Custom|Any CPU.ActiveCfg = Release|Any CPU
		{63360ADE-A09D-41B2-90FA-84EB530AA850}.Custom|Any CPU.Build.0 = Release|Any CPU
		{63360ADE-A09D-41B2-90FA-84EB530AA850}.Debug|Any CPU.ActiveCfg = Debug|Any CPU
		{63360ADE-A09D-41B2-90FA-84EB530AA850}.Debug|Any CPU.Build.0 = Debug|Any CPU
		{63360ADE-A09D-41B2-90FA-84EB530AA850}.DVD-10|Any CPU.ActiveCfg = Debug|Any CPU
		{63360ADE-A09D-41B2-90FA-84EB530AA850}.DVD-10|Any CPU.Build.0 = Debug|Any CPU
		{63360ADE-A09D-41B2-90FA-84EB530AA850}.DVD-18|Any CPU.ActiveCfg = Debug|Any CPU
		{63360ADE-A09D-41B2-90FA-84EB530AA850}.DVD-18|Any CPU.Build.0 = Debug|Any CPU
		{63360ADE-A09D-41B2-90FA-84EB530AA850}.DVD-5|Any CPU.ActiveCfg = Debug|Any CPU
		{63360ADE-A09D-41B2-90FA-84EB530AA850}.DVD-5|Any CPU.Build.0 = Debug|Any CPU
		{63360ADE-A09D-41B2-90FA-84EB530AA850}.DVD-9|Any CPU.ActiveCfg = Debug|Any CPU
		{63360ADE-A09D-41B2-90FA-84EB530AA850}.DVD-9|Any CPU.Build.0 = Debug|Any CPU
		{63360ADE-A09D-41B2-90FA-84EB530AA850}.Release|Any CPU.ActiveCfg = Release|Any CPU
		{63360ADE-A09D-41B2-90FA-84EB530AA850}.Release|Any CPU.Build.0 = Release|Any CPU
		{63360ADE-A09D-41B2-90FA-84EB530AA850}.SingleImage|Any CPU.ActiveCfg = Release|Any CPU
		{63360ADE-A09D-41B2-90FA-84EB530AA850}.SingleImage|Any CPU.Build.0 = Release|Any CPU
		{63360ADE-A09D-41B2-90FA-84EB530AA850}.WebDeployment|Any CPU.ActiveCfg = Release|Any CPU
		{63360ADE-A09D-41B2-90FA-84EB530AA850}.WebDeployment|Any CPU.Build.0 = Release|Any CPU
		{2EE74224-6468-445C-84C7-57EE9787E51F}.CD_ROM|Any CPU.ActiveCfg = Release|Any CPU
		{2EE74224-6468-445C-84C7-57EE9787E51F}.CD_ROM|Any CPU.Build.0 = Release|Any CPU
		{2EE74224-6468-445C-84C7-57EE9787E51F}.Custom|Any CPU.ActiveCfg = Release|Any CPU
		{2EE74224-6468-445C-84C7-57EE9787E51F}.Custom|Any CPU.Build.0 = Release|Any CPU
		{2EE74224-6468-445C-84C7-57EE9787E51F}.Debug|Any CPU.ActiveCfg = Debug|Any CPU
		{2EE74224-6468-445C-84C7-57EE9787E51F}.Debug|Any CPU.Build.0 = Debug|Any CPU
		{2EE74224-6468-445C-84C7-57EE9787E51F}.DVD-10|Any CPU.ActiveCfg = Debug|Any CPU
		{2EE74224-6468-445C-84C7-57EE9787E51F}.DVD-10|Any CPU.Build.0 = Debug|Any CPU
		{2EE74224-6468-445C-84C7-57EE9787E51F}.DVD-18|Any CPU.ActiveCfg = Debug|Any CPU
		{2EE74224-6468-445C-84C7-57EE9787E51F}.DVD-18|Any CPU.Build.0 = Debug|Any CPU
		{2EE74224-6468-445C-84C7-57EE9787E51F}.DVD-5|Any CPU.ActiveCfg = Debug|Any CPU
		{2EE74224-6468-445C-84C7-57EE9787E51F}.DVD-5|Any CPU.Build.0 = Debug|Any CPU
		{2EE74224-6468-445C-84C7-57EE9787E51F}.DVD-9|Any CPU.ActiveCfg = Debug|Any CPU
		{2EE74224-6468-445C-84C7-57EE9787E51F}.DVD-9|Any CPU.Build.0 = Debug|Any CPU
		{2EE74224-6468-445C-84C7-57EE9787E51F}.Release|Any CPU.ActiveCfg = Release|Any CPU
		{2EE74224-6468-445C-84C7-57EE9787E51F}.Release|Any CPU.Build.0 = Release|Any CPU
		{2EE74224-6468-445C-84C7-57EE9787E51F}.SingleImage|Any CPU.ActiveCfg = Release|Any CPU
		{2EE74224-6468-445C-84C7-57EE9787E51F}.SingleImage|Any CPU.Build.0 = Release|Any CPU
		{2EE74224-6468-445C-84C7-57EE9787E51F}.WebDeployment|Any CPU.ActiveCfg = Release|Any CPU
		{2EE74224-6468-445C-84C7-57EE9787E51F}.WebDeployment|Any CPU.Build.0 = Release|Any CPU
		{AD212D92-6213-4D11-96D5-5BCFA39116A6}.CD_ROM|Any CPU.ActiveCfg = Release|Any CPU
		{AD212D92-6213-4D11-96D5-5BCFA39116A6}.CD_ROM|Any CPU.Build.0 = Release|Any CPU
		{AD212D92-6213-4D11-96D5-5BCFA39116A6}.Custom|Any CPU.ActiveCfg = Release|Any CPU
		{AD212D92-6213-4D11-96D5-5BCFA39116A6}.Custom|Any CPU.Build.0 = Release|Any CPU
		{AD212D92-6213-4D11-96D5-5BCFA39116A6}.Debug|Any CPU.ActiveCfg = Debug|Any CPU
		{AD212D92-6213-4D11-96D5-5BCFA39116A6}.Debug|Any CPU.Build.0 = Debug|Any CPU
		{AD212D92-6213-4D11-96D5-5BCFA39116A6}.DVD-10|Any CPU.ActiveCfg = Debug|Any CPU
		{AD212D92-6213-4D11-96D5-5BCFA39116A6}.DVD-10|Any CPU.Build.0 = Debug|Any CPU
		{AD212D92-6213-4D11-96D5-5BCFA39116A6}.DVD-18|Any CPU.ActiveCfg = Debug|Any CPU
		{AD212D92-6213-4D11-96D5-5BCFA39116A6}.DVD-18|Any CPU.Build.0 = Debug|Any CPU
		{AD212D92-6213-4D11-96D5-5BCFA39116A6}.DVD-5|Any CPU.ActiveCfg = Debug|Any CPU
		{AD212D92-6213-4D11-96D5-5BCFA39116A6}.DVD-5|Any CPU.Build.0 = Debug|Any CPU
		{AD212D92-6213-4D11-96D5-5BCFA39116A6}.DVD-9|Any CPU.ActiveCfg = Debug|Any CPU
		{AD212D92-6213-4D11-96D5-5BCFA39116A6}.DVD-9|Any CPU.Build.0 = Debug|Any CPU
		{AD212D92-6213-4D11-96D5-5BCFA39116A6}.Release|Any CPU.ActiveCfg = Release|Any CPU
		{AD212D92-6213-4D11-96D5-5BCFA39116A6}.Release|Any CPU.Build.0 = Release|Any CPU
		{AD212D92-6213-4D11-96D5-5BCFA39116A6}.SingleImage|Any CPU.ActiveCfg = Release|Any CPU
		{AD212D92-6213-4D11-96D5-5BCFA39116A6}.SingleImage|Any CPU.Build.0 = Release|Any CPU
		{AD212D92-6213-4D11-96D5-5BCFA39116A6}.WebDeployment|Any CPU.ActiveCfg = Release|Any CPU
		{AD212D92-6213-4D11-96D5-5BCFA39116A6}.WebDeployment|Any CPU.Build.0 = Release|Any CPU
		{CB5966C5-1EF2-4157-9282-613EE6BC135D}.CD_ROM|Any CPU.ActiveCfg = Release|Any CPU
		{CB5966C5-1EF2-4157-9282-613EE6BC135D}.CD_ROM|Any CPU.Build.0 = Release|Any CPU
		{CB5966C5-1EF2-4157-9282-613EE6BC135D}.Custom|Any CPU.ActiveCfg = Release|Any CPU
		{CB5966C5-1EF2-4157-9282-613EE6BC135D}.Custom|Any CPU.Build.0 = Release|Any CPU
		{CB5966C5-1EF2-4157-9282-613EE6BC135D}.Debug|Any CPU.ActiveCfg = Debug|Any CPU
		{CB5966C5-1EF2-4157-9282-613EE6BC135D}.Debug|Any CPU.Build.0 = Debug|Any CPU
		{CB5966C5-1EF2-4157-9282-613EE6BC135D}.DVD-10|Any CPU.ActiveCfg = Debug|Any CPU
		{CB5966C5-1EF2-4157-9282-613EE6BC135D}.DVD-10|Any CPU.Build.0 = Debug|Any CPU
		{CB5966C5-1EF2-4157-9282-613EE6BC135D}.DVD-18|Any CPU.ActiveCfg = Debug|Any CPU
		{CB5966C5-1EF2-4157-9282-613EE6BC135D}.DVD-18|Any CPU.Build.0 = Debug|Any CPU
		{CB5966C5-1EF2-4157-9282-613EE6BC135D}.DVD-5|Any CPU.ActiveCfg = Debug|Any CPU
		{CB5966C5-1EF2-4157-9282-613EE6BC135D}.DVD-5|Any CPU.Build.0 = Debug|Any CPU
		{CB5966C5-1EF2-4157-9282-613EE6BC135D}.DVD-9|Any CPU.ActiveCfg = Debug|Any CPU
		{CB5966C5-1EF2-4157-9282-613EE6BC135D}.DVD-9|Any CPU.Build.0 = Debug|Any CPU
		{CB5966C5-1EF2-4157-9282-613EE6BC135D}.Release|Any CPU.ActiveCfg = Release|Any CPU
		{CB5966C5-1EF2-4157-9282-613EE6BC135D}.Release|Any CPU.Build.0 = Release|Any CPU
		{CB5966C5-1EF2-4157-9282-613EE6BC135D}.SingleImage|Any CPU.ActiveCfg = Release|Any CPU
		{CB5966C5-1EF2-4157-9282-613EE6BC135D}.SingleImage|Any CPU.Build.0 = Release|Any CPU
		{CB5966C5-1EF2-4157-9282-613EE6BC135D}.WebDeployment|Any CPU.ActiveCfg = Release|Any CPU
		{CB5966C5-1EF2-4157-9282-613EE6BC135D}.WebDeployment|Any CPU.Build.0 = Release|Any CPU
		{84DAF89C-2D22-441D-A845-E190CBE01321}.CD_ROM|Any CPU.ActiveCfg = Debug|Any CPU
		{84DAF89C-2D22-441D-A845-E190CBE01321}.CD_ROM|Any CPU.Build.0 = Debug|Any CPU
		{84DAF89C-2D22-441D-A845-E190CBE01321}.Custom|Any CPU.ActiveCfg = Debug|Any CPU
		{84DAF89C-2D22-441D-A845-E190CBE01321}.Custom|Any CPU.Build.0 = Debug|Any CPU
		{84DAF89C-2D22-441D-A845-E190CBE01321}.Debug|Any CPU.ActiveCfg = Debug|Any CPU
		{84DAF89C-2D22-441D-A845-E190CBE01321}.Debug|Any CPU.Build.0 = Debug|Any CPU
		{84DAF89C-2D22-441D-A845-E190CBE01321}.DVD-10|Any CPU.ActiveCfg = Debug|Any CPU
		{84DAF89C-2D22-441D-A845-E190CBE01321}.DVD-10|Any CPU.Build.0 = Debug|Any CPU
		{84DAF89C-2D22-441D-A845-E190CBE01321}.DVD-18|Any CPU.ActiveCfg = Debug|Any CPU
		{84DAF89C-2D22-441D-A845-E190CBE01321}.DVD-18|Any CPU.Build.0 = Debug|Any CPU
		{84DAF89C-2D22-441D-A845-E190CBE01321}.DVD-5|Any CPU.ActiveCfg = Debug|Any CPU
		{84DAF89C-2D22-441D-A845-E190CBE01321}.DVD-5|Any CPU.Build.0 = Debug|Any CPU
		{84DAF89C-2D22-441D-A845-E190CBE01321}.DVD-9|Any CPU.ActiveCfg = Debug|Any CPU
		{84DAF89C-2D22-441D-A845-E190CBE01321}.DVD-9|Any CPU.Build.0 = Debug|Any CPU
		{84DAF89C-2D22-441D-A845-E190CBE01321}.Release|Any CPU.ActiveCfg = Release|Any CPU
		{84DAF89C-2D22-441D-A845-E190CBE01321}.Release|Any CPU.Build.0 = Release|Any CPU
		{84DAF89C-2D22-441D-A845-E190CBE01321}.SingleImage|Any CPU.ActiveCfg = Debug|Any CPU
		{84DAF89C-2D22-441D-A845-E190CBE01321}.SingleImage|Any CPU.Build.0 = Debug|Any CPU
		{84DAF89C-2D22-441D-A845-E190CBE01321}.WebDeployment|Any CPU.ActiveCfg = Debug|Any CPU
		{84DAF89C-2D22-441D-A845-E190CBE01321}.WebDeployment|Any CPU.Build.0 = Debug|Any CPU
		{B9F1ED18-13EB-4089-8594-E30FEBF5F3DC}.CD_ROM|Any CPU.ActiveCfg = Release|Any CPU
		{B9F1ED18-13EB-4089-8594-E30FEBF5F3DC}.CD_ROM|Any CPU.Build.0 = Release|Any CPU
		{B9F1ED18-13EB-4089-8594-E30FEBF5F3DC}.Custom|Any CPU.ActiveCfg = Release|Any CPU
		{B9F1ED18-13EB-4089-8594-E30FEBF5F3DC}.Custom|Any CPU.Build.0 = Release|Any CPU
		{B9F1ED18-13EB-4089-8594-E30FEBF5F3DC}.Debug|Any CPU.ActiveCfg = Debug|Any CPU
		{B9F1ED18-13EB-4089-8594-E30FEBF5F3DC}.Debug|Any CPU.Build.0 = Debug|Any CPU
		{B9F1ED18-13EB-4089-8594-E30FEBF5F3DC}.DVD-10|Any CPU.ActiveCfg = Debug|Any CPU
		{B9F1ED18-13EB-4089-8594-E30FEBF5F3DC}.DVD-10|Any CPU.Build.0 = Debug|Any CPU
		{B9F1ED18-13EB-4089-8594-E30FEBF5F3DC}.DVD-18|Any CPU.ActiveCfg = Debug|Any CPU
		{B9F1ED18-13EB-4089-8594-E30FEBF5F3DC}.DVD-18|Any CPU.Build.0 = Debug|Any CPU
		{B9F1ED18-13EB-4089-8594-E30FEBF5F3DC}.DVD-5|Any CPU.ActiveCfg = Debug|Any CPU
		{B9F1ED18-13EB-4089-8594-E30FEBF5F3DC}.DVD-5|Any CPU.Build.0 = Debug|Any CPU
		{B9F1ED18-13EB-4089-8594-E30FEBF5F3DC}.DVD-9|Any CPU.ActiveCfg = Debug|Any CPU
		{B9F1ED18-13EB-4089-8594-E30FEBF5F3DC}.DVD-9|Any CPU.Build.0 = Debug|Any CPU
		{B9F1ED18-13EB-4089-8594-E30FEBF5F3DC}.Release|Any CPU.ActiveCfg = Release|Any CPU
		{B9F1ED18-13EB-4089-8594-E30FEBF5F3DC}.Release|Any CPU.Build.0 = Release|Any CPU
		{B9F1ED18-13EB-4089-8594-E30FEBF5F3DC}.SingleImage|Any CPU.ActiveCfg = Release|Any CPU
		{B9F1ED18-13EB-4089-8594-E30FEBF5F3DC}.SingleImage|Any CPU.Build.0 = Release|Any CPU
		{B9F1ED18-13EB-4089-8594-E30FEBF5F3DC}.WebDeployment|Any CPU.ActiveCfg = Release|Any CPU
		{B9F1ED18-13EB-4089-8594-E30FEBF5F3DC}.WebDeployment|Any CPU.Build.0 = Release|Any CPU
		{9B5DDE29-2EED-4E62-9B82-0C04C1C30085}.CD_ROM|Any CPU.ActiveCfg = Release|Any CPU
		{9B5DDE29-2EED-4E62-9B82-0C04C1C30085}.CD_ROM|Any CPU.Build.0 = Release|Any CPU
		{9B5DDE29-2EED-4E62-9B82-0C04C1C30085}.Custom|Any CPU.ActiveCfg = Release|Any CPU
		{9B5DDE29-2EED-4E62-9B82-0C04C1C30085}.Custom|Any CPU.Build.0 = Release|Any CPU
		{9B5DDE29-2EED-4E62-9B82-0C04C1C30085}.Debug|Any CPU.ActiveCfg = Debug|Any CPU
		{9B5DDE29-2EED-4E62-9B82-0C04C1C30085}.Debug|Any CPU.Build.0 = Debug|Any CPU
		{9B5DDE29-2EED-4E62-9B82-0C04C1C30085}.DVD-10|Any CPU.ActiveCfg = Debug|Any CPU
		{9B5DDE29-2EED-4E62-9B82-0C04C1C30085}.DVD-10|Any CPU.Build.0 = Debug|Any CPU
		{9B5DDE29-2EED-4E62-9B82-0C04C1C30085}.DVD-18|Any CPU.ActiveCfg = Debug|Any CPU
		{9B5DDE29-2EED-4E62-9B82-0C04C1C30085}.DVD-18|Any CPU.Build.0 = Debug|Any CPU
		{9B5DDE29-2EED-4E62-9B82-0C04C1C30085}.DVD-5|Any CPU.ActiveCfg = Debug|Any CPU
		{9B5DDE29-2EED-4E62-9B82-0C04C1C30085}.DVD-5|Any CPU.Build.0 = Debug|Any CPU
		{9B5DDE29-2EED-4E62-9B82-0C04C1C30085}.DVD-9|Any CPU.ActiveCfg = Debug|Any CPU
		{9B5DDE29-2EED-4E62-9B82-0C04C1C30085}.DVD-9|Any CPU.Build.0 = Debug|Any CPU
		{9B5DDE29-2EED-4E62-9B82-0C04C1C30085}.Release|Any CPU.ActiveCfg = Release|Any CPU
		{9B5DDE29-2EED-4E62-9B82-0C04C1C30085}.Release|Any CPU.Build.0 = Release|Any CPU
		{9B5DDE29-2EED-4E62-9B82-0C04C1C30085}.SingleImage|Any CPU.ActiveCfg = Release|Any CPU
		{9B5DDE29-2EED-4E62-9B82-0C04C1C30085}.SingleImage|Any CPU.Build.0 = Release|Any CPU
		{9B5DDE29-2EED-4E62-9B82-0C04C1C30085}.WebDeployment|Any CPU.ActiveCfg = Release|Any CPU
		{9B5DDE29-2EED-4E62-9B82-0C04C1C30085}.WebDeployment|Any CPU.Build.0 = Release|Any CPU
	EndGlobalSection
	GlobalSection(SolutionProperties) = preSolution
		HideSolutionNode = FALSE
	EndGlobalSection
	GlobalSection(NestedProjects) = preSolution
		{C3C0A280-2CBD-43BF-BB01-6B2BDF250B6F} = {EA571F4E-46FB-4B2E-B06E-92833FD29BEC}
		{FC76EFA6-9601-4373-AB09-A4E1ADE00B36} = {C3C0A280-2CBD-43BF-BB01-6B2BDF250B6F}
	EndGlobalSection
	GlobalSection(ExtensibilityGlobals) = postSolution
		SolutionGuid = {138476FE-061E-4224-BA4D-E2359DE0F38A}
	EndGlobalSection
EndGlobal
